{
  "requires": true,
  "lockfileVersion": 1,
  "dependencies": {
    "immer": {
      "version": "4.0.0",
      "resolved": "https://registry.npmjs.org/immer/-/immer-4.0.0.tgz",
      "integrity": "sha512-374/m+biF/6Z24jiqR/u49SH095oIgYr/qLiQnR88svojs5RNJh/h9i0Qq0pqhgUon3Txx8PgUWH+obRy6jbKw=="
    }
  }
}
